// !$*UTF8*$!
{
	archiveVersion = 1;
	classes = {
	};
	objectVersion = 51;
	objects = {

/* Begin PBXBuildFile section */
		0EF656C9F312CDB67D49DC10 /* Pods_SideDishApp.framework in Frameworks */ = {isa = PBXBuildFile; fileRef = B3FABDDD943524A0976D3DB8 /* Pods_SideDishApp.framework */; };
		ABC65FBB2452A00E00D111EC /* NetworkManager.swift in Sources */ = {isa = PBXBuildFile; fileRef = ABC65FBA2452A00E00D111EC /* NetworkManager.swift */; };
		ABC65FBD2452A09500D111EC /* SideDish.swift in Sources */ = {isa = PBXBuildFile; fileRef = ABC65FBC2452A09500D111EC /* SideDish.swift */; };
		ABC65FBF2452A58B00D111EC /* DataUseCase.swift in Sources */ = {isa = PBXBuildFile; fileRef = ABC65FBE2452A58B00D111EC /* DataUseCase.swift */; };
		ABC9EF86244EB4740086DC5A /* AppDelegate.swift in Sources */ = {isa = PBXBuildFile; fileRef = ABC9EF85244EB4740086DC5A /* AppDelegate.swift */; };
		ABC9EF88244EB4740086DC5A /* SceneDelegate.swift in Sources */ = {isa = PBXBuildFile; fileRef = ABC9EF87244EB4740086DC5A /* SceneDelegate.swift */; };
		ABC9EF8A244EB4740086DC5A /* MainViewController.swift in Sources */ = {isa = PBXBuildFile; fileRef = ABC9EF89244EB4740086DC5A /* MainViewController.swift */; };
		ABC9EF8D244EB4740086DC5A /* Main.storyboard in Resources */ = {isa = PBXBuildFile; fileRef = ABC9EF8B244EB4740086DC5A /* Main.storyboard */; };
		ABC9EF8F244EB4760086DC5A /* Assets.xcassets in Resources */ = {isa = PBXBuildFile; fileRef = ABC9EF8E244EB4760086DC5A /* Assets.xcassets */; };
		ABC9EF92244EB4760086DC5A /* LaunchScreen.storyboard in Resources */ = {isa = PBXBuildFile; fileRef = ABC9EF90244EB4760086DC5A /* LaunchScreen.storyboard */; };
		ABC9EF9B244EC7E60086DC5A /* ProductInfoCell.swift in Sources */ = {isa = PBXBuildFile; fileRef = ABC9EF9A244EC7E60086DC5A /* ProductInfoCell.swift */; };
		ABC9EF9D244ECA610086DC5A /* ProductTableViewDataSource.swift in Sources */ = {isa = PBXBuildFile; fileRef = ABC9EF9C244ECA610086DC5A /* ProductTableViewDataSource.swift */; };
		ABC9EF9F244EE4120086DC5A /* ExtensionString.swift in Sources */ = {isa = PBXBuildFile; fileRef = ABC9EF9E244EE4120086DC5A /* ExtensionString.swift */; };
		ABC9EFA2244EEAC00086DC5A /* EventBadgeLabel.swift in Sources */ = {isa = PBXBuildFile; fileRef = ABC9EFA1244EEAC00086DC5A /* EventBadgeLabel.swift */; };
		ABC9EFA5244F0EA30086DC5A /* ProductTableViewDelegate.swift in Sources */ = {isa = PBXBuildFile; fileRef = ABC9EFA4244F0EA30086DC5A /* ProductTableViewDelegate.swift */; };
		ABC9EFAB244F163A0086DC5A /* SectionHeaderCategory.swift in Sources */ = {isa = PBXBuildFile; fileRef = ABC9EFAA244F163A0086DC5A /* SectionHeaderCategory.swift */; };
		ABC9EFB1244F5D060086DC5A /* ProductTableViewHeader.swift in Sources */ = {isa = PBXBuildFile; fileRef = ABC9EFB0244F5D060086DC5A /* ProductTableViewHeader.swift */; };
		ABC9EFB3244F66710086DC5A /* SectionHeader.xib in Resources */ = {isa = PBXBuildFile; fileRef = ABC9EFB2244F66710086DC5A /* SectionHeader.xib */; };
		ABC9EFB8245063750086DC5A /* EventBadgeProtocol.swift in Sources */ = {isa = PBXBuildFile; fileRef = ABC9EFB7245063750086DC5A /* EventBadgeProtocol.swift */; };
		ABC9EFBA245064CC0086DC5A /* EventBadgeViewModel.swift in Sources */ = {isa = PBXBuildFile; fileRef = ABC9EFB9245064CC0086DC5A /* EventBadgeViewModel.swift */; };
		ABC9EFBC2451751C0086DC5A /* LoginViewController.swift in Sources */ = {isa = PBXBuildFile; fileRef = ABC9EFBB2451751C0086DC5A /* LoginViewController.swift */; };
		ABEA7491245464620038C1AE /* DetailSideDishInfo.swift in Sources */ = {isa = PBXBuildFile; fileRef = ABEA7490245464620038C1AE /* DetailSideDishInfo.swift */; };
		ABEA7493245467E50038C1AE /* ExtensionNotificaitonName.swift in Sources */ = {isa = PBXBuildFile; fileRef = ABEA7492245467E50038C1AE /* ExtensionNotificaitonName.swift */; };
		ABEA749524553C090038C1AE /* DataManager.swift in Sources */ = {isa = PBXBuildFile; fileRef = ABEA749424553C090038C1AE /* DataManager.swift */; };
		ABEA749B24595FBE0038C1AE /* BMDOHYEON_otf.otf in Resources */ = {isa = PBXBuildFile; fileRef = ABEA749A24595FBE0038C1AE /* BMDOHYEON_otf.otf */; };
/* End PBXBuildFile section */

/* Begin PBXFileReference section */
		14310EBD906A85E5489212CF /* Pods-SideDishApp.debug.xcconfig */ = {isa = PBXFileReference; includeInIndex = 1; lastKnownFileType = text.xcconfig; name = "Pods-SideDishApp.debug.xcconfig"; path = "Target Support Files/Pods-SideDishApp/Pods-SideDishApp.debug.xcconfig"; sourceTree = "<group>"; };
		42C570B9639BA066BF3E2663 /* Pods-SideDishApp.release.xcconfig */ = {isa = PBXFileReference; includeInIndex = 1; lastKnownFileType = text.xcconfig; name = "Pods-SideDishApp.release.xcconfig"; path = "Target Support Files/Pods-SideDishApp/Pods-SideDishApp.release.xcconfig"; sourceTree = "<group>"; };
		ABC65FBA2452A00E00D111EC /* NetworkManager.swift */ = {isa = PBXFileReference; lastKnownFileType = sourcecode.swift; path = NetworkManager.swift; sourceTree = "<group>"; };
		ABC65FBC2452A09500D111EC /* SideDish.swift */ = {isa = PBXFileReference; lastKnownFileType = sourcecode.swift; path = SideDish.swift; sourceTree = "<group>"; };
		ABC65FBE2452A58B00D111EC /* DataUseCase.swift */ = {isa = PBXFileReference; lastKnownFileType = sourcecode.swift; path = DataUseCase.swift; sourceTree = "<group>"; };
		ABC9EF82244EB4740086DC5A /* SideDishApp.app */ = {isa = PBXFileReference; explicitFileType = wrapper.application; includeInIndex = 0; path = SideDishApp.app; sourceTree = BUILT_PRODUCTS_DIR; };
		ABC9EF85244EB4740086DC5A /* AppDelegate.swift */ = {isa = PBXFileReference; lastKnownFileType = sourcecode.swift; path = AppDelegate.swift; sourceTree = "<group>"; };
		ABC9EF87244EB4740086DC5A /* SceneDelegate.swift */ = {isa = PBXFileReference; lastKnownFileType = sourcecode.swift; path = SceneDelegate.swift; sourceTree = "<group>"; };
		ABC9EF89244EB4740086DC5A /* MainViewController.swift */ = {isa = PBXFileReference; lastKnownFileType = sourcecode.swift; path = MainViewController.swift; sourceTree = "<group>"; };
		ABC9EF8C244EB4740086DC5A /* Base */ = {isa = PBXFileReference; lastKnownFileType = file.storyboard; name = Base; path = Base.lproj/Main.storyboard; sourceTree = "<group>"; };
		ABC9EF8E244EB4760086DC5A /* Assets.xcassets */ = {isa = PBXFileReference; lastKnownFileType = folder.assetcatalog; path = Assets.xcassets; sourceTree = "<group>"; };
		ABC9EF91244EB4760086DC5A /* Base */ = {isa = PBXFileReference; lastKnownFileType = file.storyboard; name = Base; path = Base.lproj/LaunchScreen.storyboard; sourceTree = "<group>"; };
		ABC9EF93244EB4760086DC5A /* Info.plist */ = {isa = PBXFileReference; lastKnownFileType = text.plist.xml; path = Info.plist; sourceTree = "<group>"; };
		ABC9EF9A244EC7E60086DC5A /* ProductInfoCell.swift */ = {isa = PBXFileReference; lastKnownFileType = sourcecode.swift; path = ProductInfoCell.swift; sourceTree = "<group>"; };
		ABC9EF9C244ECA610086DC5A /* ProductTableViewDataSource.swift */ = {isa = PBXFileReference; lastKnownFileType = sourcecode.swift; path = ProductTableViewDataSource.swift; sourceTree = "<group>"; };
		ABC9EF9E244EE4120086DC5A /* ExtensionString.swift */ = {isa = PBXFileReference; lastKnownFileType = sourcecode.swift; path = ExtensionString.swift; sourceTree = "<group>"; };
		ABC9EFA1244EEAC00086DC5A /* EventBadgeLabel.swift */ = {isa = PBXFileReference; lastKnownFileType = sourcecode.swift; path = EventBadgeLabel.swift; sourceTree = "<group>"; };
		ABC9EFA4244F0EA30086DC5A /* ProductTableViewDelegate.swift */ = {isa = PBXFileReference; lastKnownFileType = sourcecode.swift; path = ProductTableViewDelegate.swift; sourceTree = "<group>"; };
		ABC9EFAA244F163A0086DC5A /* SectionHeaderCategory.swift */ = {isa = PBXFileReference; lastKnownFileType = sourcecode.swift; path = SectionHeaderCategory.swift; sourceTree = "<group>"; };
		ABC9EFB0244F5D060086DC5A /* ProductTableViewHeader.swift */ = {isa = PBXFileReference; lastKnownFileType = sourcecode.swift; path = ProductTableViewHeader.swift; sourceTree = "<group>"; };
		ABC9EFB2244F66710086DC5A /* SectionHeader.xib */ = {isa = PBXFileReference; lastKnownFileType = file.xib; path = SectionHeader.xib; sourceTree = "<group>"; };
		ABC9EFB7245063750086DC5A /* EventBadgeProtocol.swift */ = {isa = PBXFileReference; lastKnownFileType = sourcecode.swift; path = EventBadgeProtocol.swift; sourceTree = "<group>"; };
		ABC9EFB9245064CC0086DC5A /* EventBadgeViewModel.swift */ = {isa = PBXFileReference; lastKnownFileType = sourcecode.swift; path = EventBadgeViewModel.swift; sourceTree = "<group>"; };
		ABC9EFBB2451751C0086DC5A /* LoginViewController.swift */ = {isa = PBXFileReference; lastKnownFileType = sourcecode.swift; path = LoginViewController.swift; sourceTree = "<group>"; };
		ABEA7490245464620038C1AE /* DetailSideDishInfo.swift */ = {isa = PBXFileReference; lastKnownFileType = sourcecode.swift; path = DetailSideDishInfo.swift; sourceTree = "<group>"; };
		ABEA7492245467E50038C1AE /* ExtensionNotificaitonName.swift */ = {isa = PBXFileReference; lastKnownFileType = sourcecode.swift; path = ExtensionNotificaitonName.swift; sourceTree = "<group>"; };
		ABEA749424553C090038C1AE /* DataManager.swift */ = {isa = PBXFileReference; lastKnownFileType = sourcecode.swift; path = DataManager.swift; sourceTree = "<group>"; };
		ABEA749A24595FBE0038C1AE /* BMDOHYEON_otf.otf */ = {isa = PBXFileReference; lastKnownFileType = file; name = BMDOHYEON_otf.otf; path = ../../../../../Downloads/BMDOHYEON_otf.otf; sourceTree = "<group>"; };
		ABEA749C245960220038C1AE /* BMDOHYEON_otf.otf */ = {isa = PBXFileReference; lastKnownFileType = file; path = BMDOHYEON_otf.otf; sourceTree = "<group>"; };
		B3FABDDD943524A0976D3DB8 /* Pods_SideDishApp.framework */ = {isa = PBXFileReference; explicitFileType = wrapper.framework; includeInIndex = 0; path = Pods_SideDishApp.framework; sourceTree = BUILT_PRODUCTS_DIR; };
/* End PBXFileReference section */

/* Begin PBXFrameworksBuildPhase section */
		ABC9EF7F244EB4740086DC5A /* Frameworks */ = {
			isa = PBXFrameworksBuildPhase;
			buildActionMask = 2147483647;
			files = (
				0EF656C9F312CDB67D49DC10 /* Pods_SideDishApp.framework in Frameworks */,
			);
			runOnlyForDeploymentPostprocessing = 0;
		};
/* End PBXFrameworksBuildPhase section */

/* Begin PBXGroup section */
		6669DDE5DFE31C42717FEB16 /* Pods */ = {
			isa = PBXGroup;
			children = (
				14310EBD906A85E5489212CF /* Pods-SideDishApp.debug.xcconfig */,
				42C570B9639BA066BF3E2663 /* Pods-SideDishApp.release.xcconfig */,
			);
			path = Pods;
			sourceTree = "<group>";
		};
		ABC9EF79244EB4740086DC5A = {
			isa = PBXGroup;
			children = (
				ABC9EF84244EB4740086DC5A /* SideDishApp */,
				ABC9EF83244EB4740086DC5A /* Products */,
				6669DDE5DFE31C42717FEB16 /* Pods */,
				D115CA07700002CEDCCC6C2A /* Frameworks */,
			);
			sourceTree = "<group>";
		};
		ABC9EF83244EB4740086DC5A /* Products */ = {
			isa = PBXGroup;
			children = (
				ABC9EF82244EB4740086DC5A /* SideDishApp.app */,
			);
			name = Products;
			sourceTree = "<group>";
		};
		ABC9EF84244EB4740086DC5A /* SideDishApp */ = {
			isa = PBXGroup;
			children = (
				ABC9EFB424505E270086DC5A /* Model */,
				ABC9EFA3244F0E8A0086DC5A /* Controller */,
				ABC9EFA0244EE4180086DC5A /* Util */,
				ABC9EF99244EC7C90086DC5A /* View */,
				ABC9EF85244EB4740086DC5A /* AppDelegate.swift */,
				ABC9EF87244EB4740086DC5A /* SceneDelegate.swift */,
				ABC9EF8B244EB4740086DC5A /* Main.storyboard */,
				ABEA749C245960220038C1AE /* BMDOHYEON_otf.otf */,
				ABC9EF8E244EB4760086DC5A /* Assets.xcassets */,
				ABC9EF90244EB4760086DC5A /* LaunchScreen.storyboard */,
				ABC9EF93244EB4760086DC5A /* Info.plist */,
				ABC9EFB2244F66710086DC5A /* SectionHeader.xib */,
			);
			path = SideDishApp;
			sourceTree = "<group>";
		};
		ABC9EF99244EC7C90086DC5A /* View */ = {
			isa = PBXGroup;
			children = (
				ABC9EFB0244F5D060086DC5A /* ProductTableViewHeader.swift */,
				ABC9EF9A244EC7E60086DC5A /* ProductInfoCell.swift */,
				ABC9EF9C244ECA610086DC5A /* ProductTableViewDataSource.swift */,
				ABC9EFA1244EEAC00086DC5A /* EventBadgeLabel.swift */,
				ABC9EFAA244F163A0086DC5A /* SectionHeaderCategory.swift */,
			);
			path = View;
			sourceTree = "<group>";
		};
		ABC9EFA0244EE4180086DC5A /* Util */ = {
			isa = PBXGroup;
			children = (
				ABC65FBA2452A00E00D111EC /* NetworkManager.swift */,
				ABC65FBE2452A58B00D111EC /* DataUseCase.swift */,
				ABEA749424553C090038C1AE /* DataManager.swift */,
				ABC9EFB7245063750086DC5A /* EventBadgeProtocol.swift */,
				ABC9EF9E244EE4120086DC5A /* ExtensionString.swift */,
				ABEA7492245467E50038C1AE /* ExtensionNotificaitonName.swift */,
				ABEA749A24595FBE0038C1AE /* BMDOHYEON_otf.otf */,
			);
			path = Util;
			sourceTree = "<group>";
		};
		ABC9EFA3244F0E8A0086DC5A /* Controller */ = {
			isa = PBXGroup;
			children = (
				ABC9EF89244EB4740086DC5A /* MainViewController.swift */,
				ABC9EFBB2451751C0086DC5A /* LoginViewController.swift */,
				ABC9EFA4244F0EA30086DC5A /* ProductTableViewDelegate.swift */,
			);
			path = Controller;
			sourceTree = "<group>";
		};
		ABC9EFB424505E270086DC5A /* Model */ = {
			isa = PBXGroup;
			children = (
				ABC9EFB9245064CC0086DC5A /* EventBadgeViewModel.swift */,
				ABC65FBC2452A09500D111EC /* SideDish.swift */,
				ABEA7490245464620038C1AE /* DetailSideDishInfo.swift */,
			);
			path = Model;
			sourceTree = "<group>";
		};
		D115CA07700002CEDCCC6C2A /* Frameworks */ = {
			isa = PBXGroup;
			children = (
				B3FABDDD943524A0976D3DB8 /* Pods_SideDishApp.framework */,
			);
			name = Frameworks;
			sourceTree = "<group>";
		};
/* End PBXGroup section */

/* Begin PBXNativeTarget section */
		ABC9EF81244EB4740086DC5A /* SideDishApp */ = {
			isa = PBXNativeTarget;
			buildConfigurationList = ABC9EF96244EB4760086DC5A /* Build configuration list for PBXNativeTarget "SideDishApp" */;
			buildPhases = (
				D316548E9EC9A4FEEDA755B5 /* [CP] Check Pods Manifest.lock */,
				ABC9EF7E244EB4740086DC5A /* Sources */,
				ABC9EF7F244EB4740086DC5A /* Frameworks */,
				ABC9EF80244EB4740086DC5A /* Resources */,
				E3317967B8FD5C42EF1B3A97 /* [CP] Embed Pods Frameworks */,
			);
			buildRules = (
			);
			dependencies = (
			);
			name = SideDishApp;
			productName = SideDishApp;
			productReference = ABC9EF82244EB4740086DC5A /* SideDishApp.app */;
			productType = "com.apple.product-type.application";
		};
/* End PBXNativeTarget section */

/* Begin PBXProject section */
		ABC9EF7A244EB4740086DC5A /* Project object */ = {
			isa = PBXProject;
			attributes = {
				LastSwiftUpdateCheck = 1130;
				LastUpgradeCheck = 1130;
				ORGANIZATIONNAME = "임승혁";
				TargetAttributes = {
					ABC9EF81244EB4740086DC5A = {
						CreatedOnToolsVersion = 11.3.1;
					};
				};
			};
			buildConfigurationList = ABC9EF7D244EB4740086DC5A /* Build configuration list for PBXProject "SideDishApp" */;
			compatibilityVersion = "Xcode 9.3";
			developmentRegion = en;
			hasScannedForEncodings = 0;
			knownRegions = (
				en,
				Base,
			);
			mainGroup = ABC9EF79244EB4740086DC5A;
			productRefGroup = ABC9EF83244EB4740086DC5A /* Products */;
			projectDirPath = "";
			projectRoot = "";
			targets = (
				ABC9EF81244EB4740086DC5A /* SideDishApp */,
			);
		};
/* End PBXProject section */

/* Begin PBXResourcesBuildPhase section */
		ABC9EF80244EB4740086DC5A /* Resources */ = {
			isa = PBXResourcesBuildPhase;
			buildActionMask = 2147483647;
			files = (
				ABC9EFB3244F66710086DC5A /* SectionHeader.xib in Resources */,
				ABC9EF92244EB4760086DC5A /* LaunchScreen.storyboard in Resources */,
				ABC9EF8F244EB4760086DC5A /* Assets.xcassets in Resources */,
				ABEA749B24595FBE0038C1AE /* BMDOHYEON_otf.otf in Resources */,
				ABC9EF8D244EB4740086DC5A /* Main.storyboard in Resources */,
			);
			runOnlyForDeploymentPostprocessing = 0;
		};
/* End PBXResourcesBuildPhase section */

/* Begin PBXShellScriptBuildPhase section */
		D316548E9EC9A4FEEDA755B5 /* [CP] Check Pods Manifest.lock */ = {
			isa = PBXShellScriptBuildPhase;
			buildActionMask = 2147483647;
			files = (
			);
			inputFileListPaths = (
			);
			inputPaths = (
				"${PODS_PODFILE_DIR_PATH}/Podfile.lock",
				"${PODS_ROOT}/Manifest.lock",
			);
			name = "[CP] Check Pods Manifest.lock";
			outputFileListPaths = (
			);
			outputPaths = (
				"$(DERIVED_FILE_DIR)/Pods-SideDishApp-checkManifestLockResult.txt",
			);
			runOnlyForDeploymentPostprocessing = 0;
			shellPath = /bin/sh;
			shellScript = "diff \"${PODS_PODFILE_DIR_PATH}/Podfile.lock\" \"${PODS_ROOT}/Manifest.lock\" > /dev/null\nif [ $? != 0 ] ; then\n    # print error to STDERR\n    echo \"error: The sandbox is not in sync with the Podfile.lock. Run 'pod install' or update your CocoaPods installation.\" >&2\n    exit 1\nfi\n# This output is used by Xcode 'outputs' to avoid re-running this script phase.\necho \"SUCCESS\" > \"${SCRIPT_OUTPUT_FILE_0}\"\n";
			showEnvVarsInLog = 0;
		};
		E3317967B8FD5C42EF1B3A97 /* [CP] Embed Pods Frameworks */ = {
			isa = PBXShellScriptBuildPhase;
			buildActionMask = 2147483647;
			files = (
			);
			inputFileListPaths = (
				"${PODS_ROOT}/Target Support Files/Pods-SideDishApp/Pods-SideDishApp-frameworks-${CONFIGURATION}-input-files.xcfilelist",
			);
			name = "[CP] Embed Pods Frameworks";
			outputFileListPaths = (
				"${PODS_ROOT}/Target Support Files/Pods-SideDishApp/Pods-SideDishApp-frameworks-${CONFIGURATION}-output-files.xcfilelist",
			);
			runOnlyForDeploymentPostprocessing = 0;
			shellPath = /bin/sh;
			shellScript = "\"${PODS_ROOT}/Target Support Files/Pods-SideDishApp/Pods-SideDishApp-frameworks.sh\"\n";
			showEnvVarsInLog = 0;
		};
/* End PBXShellScriptBuildPhase section */

/* Begin PBXSourcesBuildPhase section */
		ABC9EF7E244EB4740086DC5A /* Sources */ = {
			isa = PBXSourcesBuildPhase;
			buildActionMask = 2147483647;
			files = (
				ABC9EFA5244F0EA30086DC5A /* ProductTableViewDelegate.swift in Sources */,
				ABC9EFAB244F163A0086DC5A /* SectionHeaderCategory.swift in Sources */,
				ABC9EFB8245063750086DC5A /* EventBadgeProtocol.swift in Sources */,
				ABC9EF8A244EB4740086DC5A /* MainViewController.swift in Sources */,
				ABC9EF9D244ECA610086DC5A /* ProductTableViewDataSource.swift in Sources */,
				ABC65FBD2452A09500D111EC /* SideDish.swift in Sources */,
				ABC9EF9F244EE4120086DC5A /* ExtensionString.swift in Sources */,
				ABC9EF9B244EC7E60086DC5A /* ProductInfoCell.swift in Sources */,
				ABC9EFBA245064CC0086DC5A /* EventBadgeViewModel.swift in Sources */,
				ABEA7491245464620038C1AE /* DetailSideDishInfo.swift in Sources */,
				ABC9EFB1244F5D060086DC5A /* ProductTableViewHeader.swift in Sources */,
				ABC9EF86244EB4740086DC5A /* AppDelegate.swift in Sources */,
				ABC65FBB2452A00E00D111EC /* NetworkManager.swift in Sources */,
				ABC9EF88244EB4740086DC5A /* SceneDelegate.swift in Sources */,
				ABEA749524553C090038C1AE /* DataManager.swift in Sources */,
				ABC9EFBC2451751C0086DC5A /* LoginViewController.swift in Sources */,
				ABEA7493245467E50038C1AE /* ExtensionNotificaitonName.swift in Sources */,
				ABC9EFA2244EEAC00086DC5A /* EventBadgeLabel.swift in Sources */,
				ABC65FBF2452A58B00D111EC /* DataUseCase.swift in Sources */,
			);
			runOnlyForDeploymentPostprocessing = 0;
		};
/* End PBXSourcesBuildPhase section */

/* Begin PBXVariantGroup section */
		ABC9EF8B244EB4740086DC5A /* Main.storyboard */ = {
			isa = PBXVariantGroup;
			children = (
				ABC9EF8C244EB4740086DC5A /* Base */,
			);
			name = Main.storyboard;
			sourceTree = "<group>";
		};
		ABC9EF90244EB4760086DC5A /* LaunchScreen.storyboard */ = {
			isa = PBXVariantGroup;
			children = (
				ABC9EF91244EB4760086DC5A /* Base */,
			);
			name = LaunchScreen.storyboard;
			sourceTree = "<group>";
		};
/* End PBXVariantGroup section */

/* Begin XCBuildConfiguration section */
		ABC9EF94244EB4760086DC5A /* Debug */ = {
			isa = XCBuildConfiguration;
			buildSettings = {
				ALWAYS_SEARCH_USER_PATHS = NO;
				CLANG_ANALYZER_NONNULL = YES;
				CLANG_ANALYZER_NUMBER_OBJECT_CONVERSION = YES_AGGRESSIVE;
				CLANG_CXX_LANGUAGE_STANDARD = "gnu++14";
				CLANG_CXX_LIBRARY = "libc++";
				CLANG_ENABLE_MODULES = YES;
				CLANG_ENABLE_OBJC_ARC = YES;
				CLANG_ENABLE_OBJC_WEAK = YES;
				CLANG_WARN_BLOCK_CAPTURE_AUTORELEASING = YES;
				CLANG_WARN_BOOL_CONVERSION = YES;
				CLANG_WARN_COMMA = YES;
				CLANG_WARN_CONSTANT_CONVERSION = YES;
				CLANG_WARN_DEPRECATED_OBJC_IMPLEMENTATIONS = YES;
				CLANG_WARN_DIRECT_OBJC_ISA_USAGE = YES_ERROR;
				CLANG_WARN_DOCUMENTATION_COMMENTS = YES;
				CLANG_WARN_EMPTY_BODY = YES;
				CLANG_WARN_ENUM_CONVERSION = YES;
				CLANG_WARN_INFINITE_RECURSION = YES;
				CLANG_WARN_INT_CONVERSION = YES;
				CLANG_WARN_NON_LITERAL_NULL_CONVERSION = YES;
				CLANG_WARN_OBJC_IMPLICIT_RETAIN_SELF = YES;
				CLANG_WARN_OBJC_LITERAL_CONVERSION = YES;
				CLANG_WARN_OBJC_ROOT_CLASS = YES_ERROR;
				CLANG_WARN_RANGE_LOOP_ANALYSIS = YES;
				CLANG_WARN_STRICT_PROTOTYPES = YES;
				CLANG_WARN_SUSPICIOUS_MOVE = YES;
				CLANG_WARN_UNGUARDED_AVAILABILITY = YES_AGGRESSIVE;
				CLANG_WARN_UNREACHABLE_CODE = YES;
				CLANG_WARN__DUPLICATE_METHOD_MATCH = YES;
				COPY_PHASE_STRIP = NO;
				DEBUG_INFORMATION_FORMAT = dwarf;
				ENABLE_STRICT_OBJC_MSGSEND = YES;
				ENABLE_TESTABILITY = YES;
				GCC_C_LANGUAGE_STANDARD = gnu11;
				GCC_DYNAMIC_NO_PIC = NO;
				GCC_NO_COMMON_BLOCKS = YES;
				GCC_OPTIMIZATION_LEVEL = 0;
				GCC_PREPROCESSOR_DEFINITIONS = (
					"DEBUG=1",
					"$(inherited)",
				);
				GCC_WARN_64_TO_32_BIT_CONVERSION = YES;
				GCC_WARN_ABOUT_RETURN_TYPE = YES_ERROR;
				GCC_WARN_UNDECLARED_SELECTOR = YES;
				GCC_WARN_UNINITIALIZED_AUTOS = YES_AGGRESSIVE;
				GCC_WARN_UNUSED_FUNCTION = YES;
				GCC_WARN_UNUSED_VARIABLE = YES;
				IPHONEOS_DEPLOYMENT_TARGET = 13.2;
				MTL_ENABLE_DEBUG_INFO = INCLUDE_SOURCE;
				MTL_FAST_MATH = YES;
				ONLY_ACTIVE_ARCH = YES;
				SDKROOT = iphoneos;
				SWIFT_ACTIVE_COMPILATION_CONDITIONS = DEBUG;
				SWIFT_OPTIMIZATION_LEVEL = "-Onone";
			};
			name = Debug;
		};
		ABC9EF95244EB4760086DC5A /* Release */ = {
			isa = XCBuildConfiguration;
			buildSettings = {
				ALWAYS_SEARCH_USER_PATHS = NO;
				CLANG_ANALYZER_NONNULL = YES;
				CLANG_ANALYZER_NUMBER_OBJECT_CONVERSION = YES_AGGRESSIVE;
				CLANG_CXX_LANGUAGE_STANDARD = "gnu++14";
				CLANG_CXX_LIBRARY = "libc++";
				CLANG_ENABLE_MODULES = YES;
				CLANG_ENABLE_OBJC_ARC = YES;
				CLANG_ENABLE_OBJC_WEAK = YES;
				CLANG_WARN_BLOCK_CAPTURE_AUTORELEASING = YES;
				CLANG_WARN_BOOL_CONVERSION = YES;
				CLANG_WARN_COMMA = YES;
				CLANG_WARN_CONSTANT_CONVERSION = YES;
				CLANG_WARN_DEPRECATED_OBJC_IMPLEMENTATIONS = YES;
				CLANG_WARN_DIRECT_OBJC_ISA_USAGE = YES_ERROR;
				CLANG_WARN_DOCUMENTATION_COMMENTS = YES;
				CLANG_WARN_EMPTY_BODY = YES;
				CLANG_WARN_ENUM_CONVERSION = YES;
				CLANG_WARN_INFINITE_RECURSION = YES;
				CLANG_WARN_INT_CONVERSION = YES;
				CLANG_WARN_NON_LITERAL_NULL_CONVERSION = YES;
				CLANG_WARN_OBJC_IMPLICIT_RETAIN_SELF = YES;
				CLANG_WARN_OBJC_LITERAL_CONVERSION = YES;
				CLANG_WARN_OBJC_ROOT_CLASS = YES_ERROR;
				CLANG_WARN_RANGE_LOOP_ANALYSIS = YES;
				CLANG_WARN_STRICT_PROTOTYPES = YES;
				CLANG_WARN_SUSPICIOUS_MOVE = YES;
				CLANG_WARN_UNGUARDED_AVAILABILITY = YES_AGGRESSIVE;
				CLANG_WARN_UNREACHABLE_CODE = YES;
				CLANG_WARN__DUPLICATE_METHOD_MATCH = YES;
				COPY_PHASE_STRIP = NO;
				DEBUG_INFORMATION_FORMAT = "dwarf-with-dsym";
				ENABLE_NS_ASSERTIONS = NO;
				ENABLE_STRICT_OBJC_MSGSEND = YES;
				GCC_C_LANGUAGE_STANDARD = gnu11;
				GCC_NO_COMMON_BLOCKS = YES;
				GCC_WARN_64_TO_32_BIT_CONVERSION = YES;
				GCC_WARN_ABOUT_RETURN_TYPE = YES_ERROR;
				GCC_WARN_UNDECLARED_SELECTOR = YES;
				GCC_WARN_UNINITIALIZED_AUTOS = YES_AGGRESSIVE;
				GCC_WARN_UNUSED_FUNCTION = YES;
				GCC_WARN_UNUSED_VARIABLE = YES;
				IPHONEOS_DEPLOYMENT_TARGET = 13.2;
				MTL_ENABLE_DEBUG_INFO = NO;
				MTL_FAST_MATH = YES;
				SDKROOT = iphoneos;
				SWIFT_COMPILATION_MODE = wholemodule;
				SWIFT_OPTIMIZATION_LEVEL = "-O";
				VALIDATE_PRODUCT = YES;
			};
			name = Release;
		};
		ABC9EF97244EB4760086DC5A /* Debug */ = {
			isa = XCBuildConfiguration;
			baseConfigurationReference = 14310EBD906A85E5489212CF /* Pods-SideDishApp.debug.xcconfig */;
			buildSettings = {
				ASSETCATALOG_COMPILER_APPICON_NAME = AppIcon;
				CODE_SIGN_STYLE = Automatic;
				DEVELOPMENT_TEAM = PD6NDXJV23;
				INFOPLIST_FILE = SideDishApp/Info.plist;
				LD_RUNPATH_SEARCH_PATHS = (
					"$(inherited)",
					"@executable_path/Frameworks",
				);
				PRODUCT_BUNDLE_IDENTIFIER = Limwin.SideDishApp;
				PRODUCT_NAME = "$(TARGET_NAME)";
				SWIFT_VERSION = 5.0;
				TARGETED_DEVICE_FAMILY = "1,2";
			};
			name = Debug;
		};
		ABC9EF98244EB4760086DC5A /* Release */ = {
			isa = XCBuildConfiguration;
			baseConfigurationReference = 42C570B9639BA066BF3E2663 /* Pods-SideDishApp.release.xcconfig */;
			buildSettings = {
				ASSETCATALOG_COMPILER_APPICON_NAME = AppIcon;
				CODE_SIGN_STYLE = Automatic;
				DEVELOPMENT_TEAM = PD6NDXJV23;
				INFOPLIST_FILE = SideDishApp/Info.plist;
				LD_RUNPATH_SEARCH_PATHS = (
					"$(inherited)",
					"@executable_path/Frameworks",
				);
				PRODUCT_BUNDLE_IDENTIFIER = Limwin.SideDishApp;
				PRODUCT_NAME = "$(TARGET_NAME)";
				SWIFT_VERSION = 5.0;
				TARGETED_DEVICE_FAMILY = "1,2";
			};
			name = Release;
		};
/* End XCBuildConfiguration section */

/* Begin XCConfigurationList section */
		ABC9EF7D244EB4740086DC5A /* Build configuration list for PBXProject "SideDishApp" */ = {
			isa = XCConfigurationList;
			buildConfigurations = (
				ABC9EF94244EB4760086DC5A /* Debug */,
				ABC9EF95244EB4760086DC5A /* Release */,
			);
			defaultConfigurationIsVisible = 0;
			defaultConfigurationName = Release;
		};
		ABC9EF96244EB4760086DC5A /* Build configuration list for PBXNativeTarget "SideDishApp" */ = {
			isa = XCConfigurationList;
			buildConfigurations = (
				ABC9EF97244EB4760086DC5A /* Debug */,
				ABC9EF98244EB4760086DC5A /* Release */,
			);
			defaultConfigurationIsVisible = 0;
			defaultConfigurationName = Release;
		};
/* End XCConfigurationList section */
	};
	rootObject = ABC9EF7A244EB4740086DC5A /* Project object */;
}
